# This file is autogenerated, do not edit; changes may be undone by the next 'dep ensure'.


[[projects]]
  branch = "master"
  digest = "1:9f3b30d9f8e0d7040f729b82dcbc8f0dead820a133b3147ce355fc451f32d761"
  name = "github.com/BurntSushi/toml"
  packages = ["."]
  pruneopts = "UT"
  revision = "3012a1dbe2e4bd1391d42b32f0577cb7bbc7f005"

[[projects]]
  branch = "master"
  digest = "1:9b954f4198ee2bbf72ca4a7ca88de7c671144ce81b6ba5ca576b8ae728106211"
  name = "github.com/arthurkiller/rollingWriter"
  packages = ["."]
  pruneopts = "UT"
  revision = "e7449b1b067c688765230649996e78374d95cdc3"

[[projects]]
  branch = "master"
  digest = "1:d6afaeed1502aa28e80a4ed0981d570ad91b2579193404256ce672ed0a609e0d"
  name = "github.com/beorn7/perks"
  packages = ["quantile"]
  pruneopts = "UT"
  revision = "3a771d992973f24aa725d07868b467d1ddfceafb"

[[projects]]
  branch = "master"
  digest = "1:4c4c33075b704791d6a7f09dfb55c66769e8a1dc6adf87026292d274fe8ad113"
  name = "github.com/codahale/hdrhistogram"
  packages = ["."]
  pruneopts = "UT"
  revision = "3a0bb77429bd3a61596f5e8a3172445844342120"

[[projects]]
  digest = "1:1b3b1d903aff5d32430e696b2685807393b733336cc05bc73c8d04ffa8a80173"
  name = "github.com/coreos/etcd"
  packages = [
    "auth/authpb",
    "clientv3",
    "etcdserver/api/v3rpc/rpctypes",
    "etcdserver/etcdserverpb",
    "mvcc/mvccpb",
  ]
  pruneopts = "UT"
  revision = "fb5cd6f1c72c2b98e0c4453444cdfba306da867b"
  version = "v3.2.14"

[[projects]]
  branch = "master"
  digest = "1:c60e70b8a5b2eee2ed8b1f686fd22275f7741e51790b52583a069dff288ee644"
  name = "github.com/cznic/mathutil"
  packages = ["."]
  pruneopts = "UT"
  revision = "eba54fb065b72d838b4b3481c6056998ead55e74"

[[projects]]
  branch = "master"
  digest = "1:06877d57543857a87186f43b6195bbdf5e8f4a0f51412fdf4baef504cead7973"
  name = "github.com/cznic/sortutil"
  packages = ["."]
  pruneopts = "UT"
  revision = "4c7342852e65c2088c981288f2c5610d10b9f7f4"

[[projects]]
  digest = "1:ffe9824d294da03b391f44e1ae8281281b4afc1bdaa9588c9097785e3af10cec"
  name = "github.com/davecgh/go-spew"
  packages = ["spew"]
  pruneopts = "UT"
  revision = "8991bc29aa16c548c550c7ff78260e27b9ab7c73"
  version = "v1.1.1"

[[projects]]
  digest = "1:5d1b5a25486fc7d4e133646d834f6fca7ba1cef9903d40e7aa786c41b89e9e91"
  name = "github.com/golang/protobuf"
  packages = [
    "proto",
    "protoc-gen-go/descriptor",
    "ptypes",
    "ptypes/any",
    "ptypes/duration",
    "ptypes/timestamp",
  ]
  pruneopts = "UT"
  revision = "aa810b61a9c79d51363740d207bb46cf8e620ed5"
  version = "v1.2.0"

[[projects]]
  branch = "master"
  digest = "1:4a0c6bb4805508a6287675fac876be2ac1182539ca8a32468d8128882e9d5009"
  name = "github.com/golang/snappy"
  packages = ["."]
  pruneopts = "UT"
  revision = "2e65f85255dbc3072edf28d6b5b8efc472979f5a"

[[projects]]
  branch = "master"
  digest = "1:ef3cead820d3cea3e6f5109c4a69a9459c68514b07b0088182a19bd45a8d3400"
  name = "github.com/gomodule/redigo"
  packages = ["redis"]
  pruneopts = "UT"
  revision = "e8fc0692a7e26a05b06517348ed466349062eb47"

[[projects]]
  branch = "master"
  digest = "1:0bfbe13936953a98ae3cfe8ed6670d396ad81edf069a806d2f6515d7bb6950df"
  name = "github.com/google/btree"
  packages = ["."]
  pruneopts = "UT"
  revision = "4030bb1f1f0c35b30ca7009e9ebd06849dd45306"

[[projects]]
  digest = "1:cbeb5c30b75203b493b8b07b69b4d1859f2a3665746d1ee411f81d8a9c92ef80"
  name = "github.com/grpc-ecosystem/go-grpc-middleware"
  packages = [
    ".",
    "tags",
    "tracing/opentracing",
    "util/metautils",
  ]
  pruneopts = "UT"
  revision = "c250d6563d4d4c20252cd865923440e829844f4e"
  version = "v1.0.0"

[[projects]]
  digest = "1:9b7a07ac7577787a8ecc1334cb9f34df1c76ed82a917d556c5713d3ab84fbc43"
  name = "github.com/grpc-ecosystem/go-grpc-prometheus"
  packages = ["."]
  pruneopts = "UT"
  revision = "c225b8c3b01faf2899099b768856a9e916e5087b"
  version = "v1.2.0"

[[projects]]
  branch = "master"
  digest = "1:cdc32003a67007f608c767cfbea5b7a07ed7418ec9aed579707e3185086a6878"
  name = "github.com/juju/errors"
  packages = ["."]
  pruneopts = "UT"
  revision = "a4583d0a56eac4bdd939e38050d0c69abe0a9b41"

[[projects]]
  digest = "1:ff5ebae34cfbf047d505ee150de27e60570e8c394b3b8fdbb720ff6ac71985fc"
  name = "github.com/matttproud/golang_protobuf_extensions"
  packages = ["pbutil"]
  pruneopts = "UT"
  revision = "c12348ce28de40eed0136aa2b644d0ee0650e56c"
  version = "v1.0.1"

[[projects]]
  digest = "1:b56c589214f01a5601e0821387db484617392d0042f26234bf2da853a2f498a1"
  name = "github.com/naoina/go-stringutil"
  packages = ["."]
  pruneopts = "UT"
  revision = "6b638e95a32d0c1131db0e7fe83775cbea4a0d0b"
  version = "v0.1.0"

[[projects]]
  digest = "1:450b7623b185031f3a456801155c8320209f75d0d4c4e633c6b1e59d44d6e392"
  name = "github.com/opentracing/opentracing-go"
  packages = [
    ".",
    "ext",
    "log",
  ]
  pruneopts = "UT"
  revision = "1949ddbfd147afd4d964a9f00b24eb291e0e7c38"
  version = "v1.0.2"

[[projects]]
  branch = "master"
  digest = "1:3bf17a6e6eaa6ad24152148a631d18662f7212e21637c2699bff3369b7f00fa2"
  name = "github.com/petar/GoLLRB"
  packages = ["llrb"]
  pruneopts = "UT"
  revision = "53be0d36a84c2a886ca057d34b6aa4468df9ccb4"

[[projects]]
  branch = "master"
  digest = "1:8fd099a567b1e9b3a7e1f66d8547a0d2b1852427e86a0dae96fa59e9583e13e6"
  name = "github.com/pingcap/goleveldb"
  packages = [
    "leveldb",
    "leveldb/cache",
    "leveldb/comparer",
    "leveldb/errors",
    "leveldb/filter",
    "leveldb/iterator",
    "leveldb/journal",
    "leveldb/memdb",
    "leveldb/opt",
    "leveldb/storage",
    "leveldb/table",
    "leveldb/util",
  ]
  pruneopts = "UT"
  revision = "b9ff6c35079e0b7925a4028005fc2dbc37aec69a"

[[projects]]
  digest = "1:1e5ebc04ecd05c2431b85d327321a3141b39b7298212702f28b16c472707c89a"
  name = "github.com/pingcap/kvproto"
  packages = [
    "pkg/coprocessor",
    "pkg/eraftpb",
    "pkg/errorpb",
    "pkg/kvrpcpb",
    "pkg/metapb",
    "pkg/pdpb",
    "pkg/raft_serverpb",
    "pkg/tikvpb",
  ]
  pruneopts = "UT"
  revision = "2cf2492c337c4d0281d8ead8686d47764f1df6c4"

[[projects]]
  digest = "1:dfeb742065836ea7838b772b698c96d6440ef292055bb23704d4bdca8dd75d75"
  name = "github.com/pingcap/pd"
  packages = ["pd-client"]
  pruneopts = "UT"
  revision = "b64716707b7279a4ae822be767085ff17b5f3fea"
  version = "v2.0.5"

[[projects]]
  digest = "1:53bafc4463f314a5c6d9ab2c33397621fcb26f80a4f12fe7684eb5cd60e8fd1e"
  name = "github.com/pingcap/tidb"
  packages = [
    "ast",
    "config",
    "ddl/util",
    "expression",
    "expression/aggregation",
    "infoschema",
    "kv",
    "meta",
    "meta/autoid",
    "metrics",
    "model",
    "mysql",
    "parser",
    "parser/opcode",
    "perfschema",
    "privilege",
    "sessionctx",
    "sessionctx/binloginfo",
    "sessionctx/stmtctx",
    "sessionctx/variable",
    "statistics",
    "store/mockstore",
    "store/mockstore/mocktikv",
    "store/tikv",
    "store/tikv/oracle",
    "store/tikv/oracle/oracles",
    "store/tikv/tikvrpc",
    "structure",
    "table",
    "table/tables",
    "tablecodec",
    "terror",
    "types",
    "types/json",
    "util",
    "util/auth",
    "util/charset",
    "util/chunk",
    "util/codec",
    "util/encrypt",
    "util/execdetails",
    "util/format",
    "util/goroutine_pool",
    "util/hack",
    "util/kvcache",
    "util/logutil",
    "util/memory",
    "util/mock",
    "util/mvmap",
    "util/printer",
    "util/ranger",
    "util/sqlexec",
    "util/stringutil",
  ]
  pruneopts = "UT"
  revision = "1ca8e99f05f39fc5e0921f169ba397f71ff6b7fb"
  version = "v2.0.8"

[[projects]]
  digest = "1:9b8c09ab4ba145585f816352ab42c67da7450cfbe575cba8c4c2a6537ca534c8"
  name = "github.com/pingcap/tipb"
  packages = [
    "go-binlog",
    "go-tipb",
    "sharedbytes",
  ]
  pruneopts = "UT"
  revision = "2d5073e5521a10f8db2adc0eaab2c46ca0a151d9"

[[projects]]
  digest = "1:40e195917a951a8bf867cd05de2a46aaf1806c50cf92eebf4c16f78cd196f747"
  name = "github.com/pkg/errors"
  packages = ["."]
  pruneopts = "UT"
  revision = "645ef00459ed84a119197bfb8d8205042c6df63d"
  version = "v0.8.0"

[[projects]]
  digest = "1:0028cb19b2e4c3112225cd871870f2d9cf49b9b4276531f03438a88e94be86fe"
  name = "github.com/pmezard/go-difflib"
  packages = ["difflib"]
  pruneopts = "UT"
  revision = "792786c7400a136282c1664665ae0a8db921c6c2"
  version = "v1.0.0"

[[projects]]
  digest = "1:b6221ec0f8903b556e127c449e7106b63e6867170c2d10a7c058623d086f2081"
  name = "github.com/prometheus/client_golang"
  packages = ["prometheus"]
  pruneopts = "UT"
  revision = "c5b7fccd204277076155f10851dad72b76a49317"
  version = "v0.8.0"

[[projects]]
  branch = "master"
  digest = "1:2d5cd61daa5565187e1d96bae64dbbc6080dacf741448e9629c64fd93203b0d4"
  name = "github.com/prometheus/client_model"
  packages = ["go"]
  pruneopts = "UT"
  revision = "5c3871d89910bfb32f5fcab2aa4b9ec68e65a99f"

[[projects]]
  branch = "master"
  digest = "1:db712fde5d12d6cdbdf14b777f0c230f4ff5ab0be8e35b239fc319953ed577a4"
  name = "github.com/prometheus/common"
  packages = [
    "expfmt",
    "internal/bitbucket.org/ww/goautoneg",
    "model",
  ]
  pruneopts = "UT"
  revision = "7e9e6cabbd393fc208072eedef99188d0ce788b6"

[[projects]]
  branch = "master"
  digest = "1:ef74914912f99c79434d9c09658274678bc85080ebe3ab32bec3940ebce5e1fc"
  name = "github.com/prometheus/procfs"
  packages = [
    ".",
    "internal/util",
    "nfs",
    "xfs",
  ]
  pruneopts = "UT"
  revision = "185b4288413d2a0dd0806f78c90dde719829e5ae"

[[projects]]
  branch = "master"
  digest = "1:e18d76e3805afdea8ce0478df357713eb94d72a6a23da9ea18b95291999971c8"
  name = "github.com/remyoudompheng/bigfft"
  packages = ["."]
  pruneopts = "UT"
  revision = "52369c62f4463a21c8ff8531194c5526322b8521"

[[projects]]
  digest = "1:ed615c5430ecabbb0fb7629a182da65ecee6523900ac1ac932520860878ffcad"
  name = "github.com/robfig/cron"
  packages = ["."]
  pruneopts = "UT"
  revision = "b41be1df696709bb6395fe435af20370037c0b4c"
  version = "v1.1"

[[projects]]
  digest = "1:274f67cb6fed9588ea2521ecdac05a6d62a8c51c074c1fccc6a49a40ba80e925"
  name = "github.com/satori/go.uuid"
  packages = ["."]
  pruneopts = "UT"
  revision = "f58768cc1a7a7e77a3bd49e98cdd21419399b6a3"
  version = "v1.2.0"

[[projects]]
  branch = "master"
  digest = "1:7d93483291b1252c8ff29bb70f7170fbdd32d6db9ba92be95ea0318b619e3e9b"
  name = "github.com/shafreeck/configo"
  packages = [
    ".",
    "rule",
  ]
  pruneopts = "UT"
  revision = "a52cd6b0688af634e4ac784d63fcf9d6aa883591"

[[projects]]
  branch = "master"
  digest = "1:8e37bfd39f2739e7aa9cdfa808a70bdf8706e1d2afed849b6289c9b84f1f2715"
  name = "github.com/shafreeck/retry"
  packages = ["."]
  pruneopts = "UT"
  revision = "71c8c3fbf8f88ee208f7673a445372d452476c42"

[[projects]]
  branch = "master"
  digest = "1:00b8403a01d1b62ead40acae5f3800f68fad35ef521a89cc29f0197140ee09ed"
  name = "github.com/shafreeck/toml"
  packages = [
    ".",
    "ast",
  ]
  pruneopts = "UT"
  revision = "4ad33e231a1699710ecd71e28748eb6a77e9d6a6"

[[projects]]
  digest = "1:2455d13050800e0cdec1a2cab5a5229106fdcd0e13319a230ae44cee2aff5501"
  name = "github.com/sirupsen/logrus"
  packages = ["."]
  pruneopts = "UT"
  revision = "3bcb09397d6d88e7676a9bc8433ca11ba5304837"

[[projects]]
  digest = "1:919bb3aa6d9d0b67648c219fa4925312bc3c2872da19e818fa769e9c97a2b643"
  name = "github.com/spaolacci/murmur3"
  packages = ["."]
  pruneopts = "UT"
  revision = "9f5d223c60793748f04a9d5b4b4eacddfc1f755d"
  version = "v1.1"

[[projects]]
  branch = "master"
  digest = "1:73b1ad32a3a4f137684d3b16eb2ef86f6348d60903c3893bfff88b46ff9a0bdc"
  name = "github.com/stretchr/testify"
  packages = ["assert"]
  pruneopts = "UT"
  revision = "04af85275a5c7ac09d16bb3b9b2e751ed45154e5"

[[projects]]
  digest = "1:8f41bbca0d6435bb54d7c090336f7693942cda30f9126eaf3959b8df48721ac3"
  name = "github.com/twinj/uuid"
  packages = ["."]
  pruneopts = "UT"
  revision = "835a10bbd6bce40820349a68b1368a62c3c5617c"
  version = "v1.0.0"

[[projects]]
  digest = "1:ac6f26e917fd2fb3194a7ebe2baf6fb32de2f2fbfed130c18aac0e758a6e1d22"
  name = "github.com/uber/jaeger-client-go"
  packages = [
    ".",
    "config",
    "internal/baggage",
    "internal/baggage/remote",
    "internal/spanlog",
    "internal/throttler",
    "internal/throttler/remote",
    "log",
    "rpcmetrics",
    "thrift",
    "thrift-gen/agent",
    "thrift-gen/baggage",
    "thrift-gen/jaeger",
    "thrift-gen/sampling",
    "thrift-gen/zipkincore",
    "transport",
    "utils",
  ]
  pruneopts = "UT"
  revision = "1a782e2da844727691fef1757c72eb190c2909f0"
  version = "v2.15.0"

[[projects]]
  digest = "1:0f09db8429e19d57c8346ad76fbbc679341fa86073d3b8fb5ac919f0357d8f4c"
  name = "github.com/uber/jaeger-lib"
  packages = ["metrics"]
  pruneopts = "UT"
  revision = "ed3a127ec5fef7ae9ea95b01b542c47fbd999ce5"
  version = "v1.5.0"

[[projects]]
  branch = "master"
  digest = "1:edb6e15d08296b91f0cd5b8b24d3778e122258e38493cb576094aa4764f3c826"
  name = "golang.org/x/net"
  packages = [
    "context",
    "http/httpguts",
    "http2",
    "http2/hpack",
    "idna",
    "internal/timeseries",
    "trace",
  ]
  pruneopts = "UT"
  revision = "10aee181995363b41f712a55844a0dd52ea04646"

[[projects]]
  branch = "master"
  digest = "1:e2503f590982f6c0cc06abd7b94b17ded6804bada8eb79af753b5fb676dfdecc"
  name = "golang.org/x/sys"
  packages = ["unix"]
  pruneopts = "UT"
  revision = "3a76605856fddce5718553cbb8bd50ca492a7274"

[[projects]]
  digest = "1:2ec697e99933960cd1fe26bb527ff691e627fe04d72f697c1abb5f815ee90463"
  name = "golang.org/x/text"
  packages = [
    "collate",
    "collate/build",
    "encoding",
    "encoding/charmap",
    "encoding/internal",
    "encoding/internal/identifier",
    "encoding/japanese",
    "encoding/korean",
    "encoding/simplifiedchinese",
    "encoding/traditionalchinese",
    "encoding/unicode",
    "internal/colltab",
    "internal/gen",
    "internal/tag",
    "internal/triegen",
    "internal/ucd",
    "internal/utf8internal",
    "language",
    "runes",
    "secure/bidirule",
    "transform",
    "unicode/bidi",
    "unicode/cldr",
    "unicode/norm",
    "unicode/rangetable",
  ]
  pruneopts = "UT"
  revision = "f21a4dfb5e38f5895301dc265a8def02365cc3d0"
  version = "v0.3.0"

[[projects]]
  branch = "master"
  digest = "1:ec1919b8b80839559effbe3eabcebf92238d12d3dd9182e51deb5da3ed12e5e9"
  name = "google.golang.org/genproto"
  packages = [
    "googleapis/api/annotations",
    "googleapis/rpc/status",
  ]
  pruneopts = "UT"
  revision = "c830210a61dfaa790e1920f8d0470fc27bc2efbe"

[[projects]]
  digest = "1:45101b53b1b93d50e2464e3b164bfa72cc77229fb998cfcd029987006488c641"
  name = "google.golang.org/grpc"
  packages = [
    ".",
    "balancer",
    "codes",
    "connectivity",
    "credentials",
    "grpclb/grpc_lb_v1/messages",
    "grpclog",
    "health/grpc_health_v1",
    "internal",
    "keepalive",
    "metadata",
    "naming",
    "peer",
    "resolver",
    "stats",
    "status",
    "tap",
    "transport",
  ]
  pruneopts = "UT"
  revision = "5b3c4e850e90a4cf6a20ebd46c8b32a0a3afcb9e"
  source = "https://github.com/grpc/grpc-go.git"
  version = "v1.7.5"

[[projects]]
  digest = "1:c805e517269b0ba4c21ded5836019ed7d16953d4026cb7d00041d039c7906be9"
  name = "gopkg.in/natefinch/lumberjack.v2"
  packages = ["."]
  pruneopts = "UT"
  revision = "a96e63847dc3c67d17befa69c303767e2f84e54f"
  version = "v2.1"

[solve-meta]
  analyzer-name = "dep"
  analyzer-version = 1
  input-imports = [
    "github.com/arthurkiller/rollingWriter",
    "github.com/gomodule/redigo/redis",
    "github.com/pingcap/tidb/kv",
    "github.com/pingcap/tidb/store/mockstore",
    "github.com/pingcap/tidb/store/tikv",
    "github.com/satori/go.uuid",
    "github.com/shafreeck/configo",
    "github.com/shafreeck/retry",
    "github.com/sirupsen/logrus",
    "github.com/stretchr/testify/assert",
  ]
  solver-name = "gps-cdcl"
  solver-version = 1
